
Microsoft Visual Studio Solution File, Format Version 12.00
# Visual Studio Version 16
VisualStudioVersion = 16.0.29519.181
MinimumVisualStudioVersion = 10.0.40219.1
Project("{FAE04EC0-301F-11D3-BF4B-00C04F79EFBC}") = "PrintDaddyService", "SomePracticeService\PrintDaddyService.csproj", "{7DFDAC01-AE94-4EE7-BDA3-C7748F1317F7}"
EndProject
Project("{FAE04EC0-301F-11D3-BF4B-00C04F79EFBC}") = "PrintDaddyObjectLibrary", "PrintDaddyObjectLibrary\PrintDaddyObjectLibrary.csproj", "{5102B6A2-BAAC-45C7-BDFA-207A9D131C7D}"
EndProject
Project("{FAE04EC0-301F-11D3-BF4B-00C04F79EFBC}") = "PrintDaddyTests", "PrintDaddyTests\PrintDaddyTests.csproj", "{C4E41294-6F4B-4180-9F36-FD2EFFE6F04B}"
EndProject
Global
	GlobalSection(SolutionConfigurationPlatforms) = preSolution
		Debug|Any CPU = Debug|Any CPU
		Release|Any CPU = Release|Any CPU
	EndGlobalSection
	GlobalSection(ProjectConfigurationPlatforms) = postSolution
		{7DFDAC01-AE94-4EE7-BDA3-C7748F1317F7}.Debug|Any CPU.ActiveCfg = Debug|Any CPU
		{7DFDAC01-AE94-4EE7-BDA3-C7748F1317F7}.Debug|Any CPU.Build.0 = Debug|Any CPU
		{7DFDAC01-AE94-4EE7-BDA3-C7748F1317F7}.Release|Any CPU.ActiveCfg = Release|Any CPU
		{7DFDAC01-AE94-4EE7-BDA3-C7748F1317F7}.Release|Any CPU.Build.0 = Release|Any CPU
		{5102B6A2-BAAC-45C7-BDFA-207A9D131C7D}.Debug|Any CPU.ActiveCfg = Debug|Any CPU
		{5102B6A2-BAAC-45C7-BDFA-207A9D131C7D}.Debug|Any CPU.Build.0 = Debug|Any CPU
		{5102B6A2-BAAC-45C7-BDFA-207A9D131C7D}.Release|Any CPU.ActiveCfg = Release|Any CPU
		{5102B6A2-BAAC-45C7-BDFA-207A9D131C7D}.Release|Any CPU.Build.0 = Release|Any CPU
		{C4E41294-6F4B-4180-9F36-FD2EFFE6F04B}.Debug|Any CPU.ActiveCfg = Debug|Any CPU
		{C4E41294-6F4B-4180-9F36-FD2EFFE6F04B}.Debug|Any CPU.Build.0 = Debug|Any CPU
		{C4E41294-6F4B-4180-9F36-FD2EFFE6F04B}.Release|Any CPU.ActiveCfg = Release|Any CPU
		{C4E41294-6F4B-4180-9F36-FD2EFFE6F04B}.Release|Any CPU.Build.0 = Release|Any CPU
	EndGlobalSection
	GlobalSection(SolutionProperties) = preSolution
		HideSolutionNode = FALSE
	EndGlobalSection
	GlobalSection(ExtensibilityGlobals) = postSolution
		SolutionGuid = {C84A6762-42C9-4886-A9D2-653125E56865}
	EndGlobalSection
EndGlobal
